
Microsoft Visual Studio Solution File, Format Version 12.00
# Visual Studio Version 17
VisualStudioVersion = 17.11.35222.181
MinimumVisualStudioVersion = 10.0.40219.1
Project("{8BC9CEB8-8B4A-11D0-8D11-00A0C91BC942}") = "lb2t1", "234\234.vcxproj", "{17C8B8AC-A61C-4F7F-B1B5-26E98831E4FA}"
EndProject
Project("{8BC9CEB8-8B4A-11D0-8D11-00A0C91BC942}") = "lb2t2", "lb2t2\lb2t2.vcxproj", "{484BCAE1-0A3D-4A37-8155-A221AA957658}"
EndProject
Project("{8BC9CEB8-8B4A-11D0-8D11-00A0C91BC942}") = "lb2t3", "lb2t3\lb2t3.vcxproj", "{2E49E2C6-89C5-447D-89C0-B6571651150B}"
EndProject
Project("{8BC9CEB8-8B4A-11D0-8D11-00A0C91BC942}") = "lb3t1", "lb3t1\lb3t1.vcxproj", "{15AF2DAF-6CA0-4A52-A273-7557D1FF0915}"
EndProject
Project("{8BC9CEB8-8B4A-11D0-8D11-00A0C91BC942}") = "lb3t2", "lb3t2\lb3t2.vcxproj", "{2F41B6A0-F2E6-49A2-BF48-9A2972886DCF}"
EndProject
Project("{8BC9CEB8-8B4A-11D0-8D11-00A0C91BC942}") = "lb3 hw", "lb3 hw\lb3 hw.vcxproj", "{4F66487D-0D43-48C2-A8EC-3784E2E7A912}"
EndProject
Project("{8BC9CEB8-8B4A-11D0-8D11-00A0C91BC942}") = "lb4t1", "lb4t1\lb4t1.vcxproj", "{55D0C621-AAA2-4F09-9523-DBACF42AE5ED}"
EndProject
Project("{8BC9CEB8-8B4A-11D0-8D11-00A0C91BC942}") = "lb4t2", "lb4t2\lb4t2.vcxproj", "{E7EF3908-BCE7-4608-9E98-67AAE2A50AB3}"
EndProject
Project("{8BC9CEB8-8B4A-11D0-8D11-00A0C91BC942}") = "lb4t3", "lb4t3\lb4t3.vcxproj", "{2E50D849-A75F-4B8F-826F-1DE84454865C}"
EndProject
Global
	GlobalSection(SolutionConfigurationPlatforms) = preSolution
		Debug|x64 = Debug|x64
		Debug|x86 = Debug|x86
		Release|x64 = Release|x64
		Release|x86 = Release|x86
	EndGlobalSection
	GlobalSection(ProjectConfigurationPlatforms) = postSolution
		{17C8B8AC-A61C-4F7F-B1B5-26E98831E4FA}.Debug|x64.ActiveCfg = Debug|x64
		{17C8B8AC-A61C-4F7F-B1B5-26E98831E4FA}.Debug|x64.Build.0 = Debug|x64
		{17C8B8AC-A61C-4F7F-B1B5-26E98831E4FA}.Debug|x86.ActiveCfg = Debug|Win32
		{17C8B8AC-A61C-4F7F-B1B5-26E98831E4FA}.Debug|x86.Build.0 = Debug|Win32
		{17C8B8AC-A61C-4F7F-B1B5-26E98831E4FA}.Release|x64.ActiveCfg = Release|x64
		{17C8B8AC-A61C-4F7F-B1B5-26E98831E4FA}.Release|x64.Build.0 = Release|x64
		{17C8B8AC-A61C-4F7F-B1B5-26E98831E4FA}.Release|x86.ActiveCfg = Release|Win32
		{17C8B8AC-A61C-4F7F-B1B5-26E98831E4FA}.Release|x86.Build.0 = Release|Win32
		{484BCAE1-0A3D-4A37-8155-A221AA957658}.Debug|x64.ActiveCfg = Debug|x64
		{484BCAE1-0A3D-4A37-8155-A221AA957658}.Debug|x64.Build.0 = Debug|x64
		{484BCAE1-0A3D-4A37-8155-A221AA957658}.Debug|x86.ActiveCfg = Debug|Win32
		{484BCAE1-0A3D-4A37-8155-A221AA957658}.Debug|x86.Build.0 = Debug|Win32
		{484BCAE1-0A3D-4A37-8155-A221AA957658}.Release|x64.ActiveCfg = Release|x64
		{484BCAE1-0A3D-4A37-8155-A221AA957658}.Release|x64.Build.0 = Release|x64
		{484BCAE1-0A3D-4A37-8155-A221AA957658}.Release|x86.ActiveCfg = Release|Win32
		{484BCAE1-0A3D-4A37-8155-A221AA957658}.Release|x86.Build.0 = Release|Win32
		{2E49E2C6-89C5-447D-89C0-B6571651150B}.Debug|x64.ActiveCfg = Debug|x64
		{2E49E2C6-89C5-447D-89C0-B6571651150B}.Debug|x64.Build.0 = Debug|x64
		{2E49E2C6-89C5-447D-89C0-B6571651150B}.Debug|x86.ActiveCfg = Debug|Win32
		{2E49E2C6-89C5-447D-89C0-B6571651150B}.Debug|x86.Build.0 = Debug|Win32
		{2E49E2C6-89C5-447D-89C0-B6571651150B}.Release|x64.ActiveCfg = Release|x64
		{2E49E2C6-89C5-447D-89C0-B6571651150B}.Release|x64.Build.0 = Release|x64
		{2E49E2C6-89C5-447D-89C0-B6571651150B}.Release|x86.ActiveCfg = Release|Win32
		{2E49E2C6-89C5-447D-89C0-B6571651150B}.Release|x86.Build.0 = Release|Win32
		{15AF2DAF-6CA0-4A52-A273-7557D1FF0915}.Debug|x64.ActiveCfg = Debug|x64
		{15AF2DAF-6CA0-4A52-A273-7557D1FF0915}.Debug|x64.Build.0 = Debug|x64
		{15AF2DAF-6CA0-4A52-A273-7557D1FF0915}.Debug|x86.ActiveCfg = Debug|Win32
		{15AF2DAF-6CA0-4A52-A273-7557D1FF0915}.Debug|x86.Build.0 = Debug|Win32
		{15AF2DAF-6CA0-4A52-A273-7557D1FF0915}.Release|x64.ActiveCfg = Release|x64
		{15AF2DAF-6CA0-4A52-A273-7557D1FF0915}.Release|x64.Build.0 = Release|x64
		{15AF2DAF-6CA0-4A52-A273-7557D1FF0915}.Release|x86.ActiveCfg = Release|Win32
		{15AF2DAF-6CA0-4A52-A273-7557D1FF0915}.Release|x86.Build.0 = Release|Win32
		{2F41B6A0-F2E6-49A2-BF48-9A2972886DCF}.Debug|x64.ActiveCfg = Debug|x64
		{2F41B6A0-F2E6-49A2-BF48-9A2972886DCF}.Debug|x64.Build.0 = Debug|x64
		{2F41B6A0-F2E6-49A2-BF48-9A2972886DCF}.Debug|x86.ActiveCfg = Debug|Win32
		{2F41B6A0-F2E6-49A2-BF48-9A2972886DCF}.Debug|x86.Build.0 = Debug|Win32
		{2F41B6A0-F2E6-49A2-BF48-9A2972886DCF}.Release|x64.ActiveCfg = Release|x64
		{2F41B6A0-F2E6-49A2-BF48-9A2972886DCF}.Release|x64.Build.0 = Release|x64
		{2F41B6A0-F2E6-49A2-BF48-9A2972886DCF}.Release|x86.ActiveCfg = Release|Win32
		{2F41B6A0-F2E6-49A2-BF48-9A2972886DCF}.Release|x86.Build.0 = Release|Win32
		{4F66487D-0D43-48C2-A8EC-3784E2E7A912}.Debug|x64.ActiveCfg = Debug|x64
		{4F66487D-0D43-48C2-A8EC-3784E2E7A912}.Debug|x64.Build.0 = Debug|x64
		{4F66487D-0D43-48C2-A8EC-3784E2E7A912}.Debug|x86.ActiveCfg = Debug|Win32
		{4F66487D-0D43-48C2-A8EC-3784E2E7A912}.Debug|x86.Build.0 = Debug|Win32
		{4F66487D-0D43-48C2-A8EC-3784E2E7A912}.Release|x64.ActiveCfg = Release|x64
		{4F66487D-0D43-48C2-A8EC-3784E2E7A912}.Release|x64.Build.0 = Release|x64
		{4F66487D-0D43-48C2-A8EC-3784E2E7A912}.Release|x86.ActiveCfg = Release|Win32
		{4F66487D-0D43-48C2-A8EC-3784E2E7A912}.Release|x86.Build.0 = Release|Win32
		{55D0C621-AAA2-4F09-9523-DBACF42AE5ED}.Debug|x64.ActiveCfg = Debug|x64
		{55D0C621-AAA2-4F09-9523-DBACF42AE5ED}.Debug|x64.Build.0 = Debug|x64
		{55D0C621-AAA2-4F09-9523-DBACF42AE5ED}.Debug|x86.ActiveCfg = Debug|Win32
		{55D0C621-AAA2-4F09-9523-DBACF42AE5ED}.Debug|x86.Build.0 = Debug|Win32
		{55D0C621-AAA2-4F09-9523-DBACF42AE5ED}.Release|x64.ActiveCfg = Release|x64
		{55D0C621-AAA2-4F09-9523-DBACF42AE5ED}.Release|x64.Build.0 = Release|x64
		{55D0C621-AAA2-4F09-9523-DBACF42AE5ED}.Release|x86.ActiveCfg = Release|Win32
		{55D0C621-AAA2-4F09-9523-DBACF42AE5ED}.Release|x86.Build.0 = Release|Win32
		{E7EF3908-BCE7-4608-9E98-67AAE2A50AB3}.Debug|x64.ActiveCfg = Debug|x64
		{E7EF3908-BCE7-4608-9E98-67AAE2A50AB3}.Debug|x64.Build.0 = Debug|x64
		{E7EF3908-BCE7-4608-9E98-67AAE2A50AB3}.Debug|x86.ActiveCfg = Debug|Win32
		{E7EF3908-BCE7-4608-9E98-67AAE2A50AB3}.Debug|x86.Build.0 = Debug|Win32
		{E7EF3908-BCE7-4608-9E98-67AAE2A50AB3}.Release|x64.ActiveCfg = Release|x64
		{E7EF3908-BCE7-4608-9E98-67AAE2A50AB3}.Release|x64.Build.0 = Release|x64
		{E7EF3908-BCE7-4608-9E98-67AAE2A50AB3}.Release|x86.ActiveCfg = Release|Win32
		{E7EF3908-BCE7-4608-9E98-67AAE2A50AB3}.Release|x86.Build.0 = Release|Win32
		{2E50D849-A75F-4B8F-826F-1DE84454865C}.Debug|x64.ActiveCfg = Debug|x64
		{2E50D849-A75F-4B8F-826F-1DE84454865C}.Debug|x64.Build.0 = Debug|x64
		{2E50D849-A75F-4B8F-826F-1DE84454865C}.Debug|x86.ActiveCfg = Debug|Win32
		{2E50D849-A75F-4B8F-826F-1DE84454865C}.Debug|x86.Build.0 = Debug|Win32
		{2E50D849-A75F-4B8F-826F-1DE84454865C}.Release|x64.ActiveCfg = Release|x64
		{2E50D849-A75F-4B8F-826F-1DE84454865C}.Release|x64.Build.0 = Release|x64
		{2E50D849-A75F-4B8F-826F-1DE84454865C}.Release|x86.ActiveCfg = Release|Win32
		{2E50D849-A75F-4B8F-826F-1DE84454865C}.Release|x86.Build.0 = Release|Win32
	EndGlobalSection
	GlobalSection(SolutionProperties) = preSolution
		HideSolutionNode = FALSE
	EndGlobalSection
	GlobalSection(ExtensibilityGlobals) = postSolution
		SolutionGuid = {58965779-0DA1-436A-9358-69EC5AE26B9A}
	EndGlobalSection
EndGlobal
